
Microsoft Visual Studio Solution File, Format Version 12.00
# Visual Studio Version 16
VisualStudioVersion = 16.0.30204.135
MinimumVisualStudioVersion = 10.0.40219.1
Project("{FAE04EC0-301F-11D3-BF4B-00C04F79EFBC}") = "InsertionSort", "InsertionSort\InsertionSort.csproj", "{3F5E7434-2B22-40F3-BB45-7D70C7A8A5E4}"
EndProject
Global
	GlobalSection(SolutionConfigurationPlatforms) = preSolution
		Debug|Any CPU = Debug|Any CPU
		Release|Any CPU = Release|Any CPU
	EndGlobalSection
	GlobalSection(ProjectConfigurationPlatforms) = postSolution
		{3F5E7434-2B22-40F3-BB45-7D70C7A8A5E4}.Debug|Any CPU.ActiveCfg = Debug|Any CPU
		{3F5E7434-2B22-40F3-BB45-7D70C7A8A5E4}.Debug|Any CPU.Build.0 = Debug|Any CPU
		{3F5E7434-2B22-40F3-BB45-7D70C7A8A5E4}.Release|Any CPU.ActiveCfg = Release|Any CPU
		{3F5E7434-2B22-40F3-BB45-7D70C7A8A5E4}.Release|Any CPU.Build.0 = Release|Any CPU
	EndGlobalSection
	GlobalSection(SolutionProperties) = preSolution
		HideSolutionNode = FALSE
	EndGlobalSection
	GlobalSection(ExtensibilityGlobals) = postSolution
		SolutionGuid = {5C50900F-389F-41C4-88EE-03C6AC705F67}
	EndGlobalSection
EndGlobal
