
Microsoft Visual Studio Solution File, Format Version 12.00
# Visual Studio Version 16
VisualStudioVersion = 16.0.30204.135
MinimumVisualStudioVersion = 10.0.40219.1
Project("{FAE04EC0-301F-11D3-BF4B-00C04F79EFBC}") = "RadixSort", "RadixSort\RadixSort.csproj", "{7B620542-9619-4556-8ABC-E38FBDE6AB9F}"
EndProject
Global
	GlobalSection(SolutionConfigurationPlatforms) = preSolution
		Debug|Any CPU = Debug|Any CPU
		Release|Any CPU = Release|Any CPU
	EndGlobalSection
	GlobalSection(ProjectConfigurationPlatforms) = postSolution
		{7B620542-9619-4556-8ABC-E38FBDE6AB9F}.Debug|Any CPU.ActiveCfg = Debug|Any CPU
		{7B620542-9619-4556-8ABC-E38FBDE6AB9F}.Debug|Any CPU.Build.0 = Debug|Any CPU
		{7B620542-9619-4556-8ABC-E38FBDE6AB9F}.Release|Any CPU.ActiveCfg = Release|Any CPU
		{7B620542-9619-4556-8ABC-E38FBDE6AB9F}.Release|Any CPU.Build.0 = Release|Any CPU
	EndGlobalSection
	GlobalSection(SolutionProperties) = preSolution
		HideSolutionNode = FALSE
	EndGlobalSection
	GlobalSection(ExtensibilityGlobals) = postSolution
		SolutionGuid = {F6E94801-3FE1-45FC-9EDC-B8717EE7F18A}
	EndGlobalSection
EndGlobal
